// !$*UTF8*$!
{
	archiveVersion = 1;
	classes = {
	};
	objectVersion = 46;
	objects = {

/* Begin PBXBuildFile section */
		C5105B1216E65EDB00E09905 /* AboutViewController.m in Sources */ = {isa = PBXBuildFile; fileRef = C5105B1016E65EDB00E09905 /* AboutViewController.m */; };
		C5105B1316E65EDB00E09905 /* AboutViewController.xib in Resources */ = {isa = PBXBuildFile; fileRef = C5105B1116E65EDB00E09905 /* AboutViewController.xib */; };
		C52B092216E5848500675CC7 /* GameCenterIOS4.m in Sources */ = {isa = PBXBuildFile; fileRef = C52B091B16E5848500675CC7 /* GameCenterIOS4.m */; settings = {COMPILER_FLAGS = "-fno-objc-arc"; }; };
		C52B092316E5848500675CC7 /* GameCenterManager.m in Sources */ = {isa = PBXBuildFile; fileRef = C52B091D16E5848500675CC7 /* GameCenterManager.m */; settings = {COMPILER_FLAGS = "-fno-objc-arc"; }; };
		C52B092416E5848500675CC7 /* UIViewController+UIViewController_GCAchievementView.m in Sources */ = {isa = PBXBuildFile; fileRef = C52B091F16E5848500675CC7 /* UIViewController+UIViewController_GCAchievementView.m */; settings = {COMPILER_FLAGS = "-fno-objc-arc"; }; };
		C52B092516E5848500675CC7 /* UIViewController+UIViewController_GCLeaderBoardView.m in Sources */ = {isa = PBXBuildFile; fileRef = C52B092116E5848500675CC7 /* UIViewController+UIViewController_GCLeaderBoardView.m */; settings = {COMPILER_FLAGS = "-fno-objc-arc"; }; };
		C52B092716E5853900675CC7 /* GameKit.framework in Frameworks */ = {isa = PBXBuildFile; fileRef = C52B092616E5853900675CC7 /* GameKit.framework */; };
		C57A962916D7EAD500C233F1 /* UIKit.framework in Frameworks */ = {isa = PBXBuildFile; fileRef = C57A962816D7EAD500C233F1 /* UIKit.framework */; };
		C57A962B16D7EAD500C233F1 /* Foundation.framework in Frameworks */ = {isa = PBXBuildFile; fileRef = C57A962A16D7EAD500C233F1 /* Foundation.framework */; };
		C57A962D16D7EAD500C233F1 /* CoreGraphics.framework in Frameworks */ = {isa = PBXBuildFile; fileRef = C57A962C16D7EAD500C233F1 /* CoreGraphics.framework */; };
		C57A963316D7EAD500C233F1 /* InfoPlist.strings in Resources */ = {isa = PBXBuildFile; fileRef = C57A963116D7EAD500C233F1 /* InfoPlist.strings */; };
		C57A963516D7EAD500C233F1 /* main.m in Sources */ = {isa = PBXBuildFile; fileRef = C57A963416D7EAD500C233F1 /* main.m */; };
		C57A963916D7EAD500C233F1 /* AppDelegate.m in Sources */ = {isa = PBXBuildFile; fileRef = C57A963816D7EAD500C233F1 /* AppDelegate.m */; };
		C57A963B16D7EAD500C233F1 /* Default.png in Resources */ = {isa = PBXBuildFile; fileRef = C57A963A16D7EAD500C233F1 /* Default.png */; };
		C57A963D16D7EAD500C233F1 /* Default@2x.png in Resources */ = {isa = PBXBuildFile; fileRef = C57A963C16D7EAD500C233F1 /* Default@2x.png */; };
		C57A963F16D7EAD500C233F1 /* Default-568h@2x.png in Resources */ = {isa = PBXBuildFile; fileRef = C57A963E16D7EAD500C233F1 /* Default-568h@2x.png */; };
		C57A964216D7EAD500C233F1 /* ViewController.m in Sources */ = {isa = PBXBuildFile; fileRef = C57A964116D7EAD500C233F1 /* ViewController.m */; };
		C57A964516D7EAD500C233F1 /* ViewController.xib in Resources */ = {isa = PBXBuildFile; fileRef = C57A964316D7EAD500C233F1 /* ViewController.xib */; };
		C57A965116D7EB4C00C233F1 /* RogueDriver.mm in Sources */ = {isa = PBXBuildFile; fileRef = C57A964E16D7EB4C00C233F1 /* RogueDriver.mm */; };
		C57A965216D7EB4C00C233F1 /* Viewport.m in Sources */ = {isa = PBXBuildFile; fileRef = C57A965016D7EB4C00C233F1 /* Viewport.m */; };
		C57A966516D7EB5500C233F1 /* Architect.mm in Sources */ = {isa = PBXBuildFile; fileRef = C57A965416D7EB5500C233F1 /* Architect.mm */; settings = {COMPILER_FLAGS = "-fno-objc-arc"; }; };
		C57A966616D7EB5500C233F1 /* Buttons.c in Sources */ = {isa = PBXBuildFile; fileRef = C57A965516D7EB5500C233F1 /* Buttons.c */; settings = {COMPILER_FLAGS = "-fno-objc-arc"; }; };
		C57A966716D7EB5500C233F1 /* Combat.c in Sources */ = {isa = PBXBuildFile; fileRef = C57A965616D7EB5500C233F1 /* Combat.c */; settings = {COMPILER_FLAGS = "-fno-objc-arc"; }; };
		C57A966816D7EB5500C233F1 /* Dijkstra.c in Sources */ = {isa = PBXBuildFile; fileRef = C57A965716D7EB5500C233F1 /* Dijkstra.c */; settings = {COMPILER_FLAGS = "-fno-objc-arc"; }; };
		C57A966916D7EB5500C233F1 /* Globals.c in Sources */ = {isa = PBXBuildFile; fileRef = C57A965816D7EB5500C233F1 /* Globals.c */; settings = {COMPILER_FLAGS = "-fno-objc-arc"; }; };
		C57A966A16D7EB5500C233F1 /* Grid.c in Sources */ = {isa = PBXBuildFile; fileRef = C57A965916D7EB5500C233F1 /* Grid.c */; settings = {COMPILER_FLAGS = "-fno-objc-arc"; }; };
		C57A966B16D7EB5500C233F1 /* IO.c in Sources */ = {isa = PBXBuildFile; fileRef = C57A965B16D7EB5500C233F1 /* IO.c */; settings = {COMPILER_FLAGS = "-fno-objc-arc"; }; };
		C57A966C16D7EB5500C233F1 /* Items.c in Sources */ = {isa = PBXBuildFile; fileRef = C57A965C16D7EB5500C233F1 /* Items.c */; settings = {COMPILER_FLAGS = "-fno-objc-arc"; }; };
		C57A966D16D7EB5500C233F1 /* Light.c in Sources */ = {isa = PBXBuildFile; fileRef = C57A965D16D7EB5500C233F1 /* Light.c */; settings = {COMPILER_FLAGS = "-fno-objc-arc"; }; };
		C57A966E16D7EB5500C233F1 /* MainMenu.c in Sources */ = {isa = PBXBuildFile; fileRef = C57A965E16D7EB5500C233F1 /* MainMenu.c */; settings = {COMPILER_FLAGS = "-fno-objc-arc"; }; };
		C57A966F16D7EB5500C233F1 /* Monsters.c in Sources */ = {isa = PBXBuildFile; fileRef = C57A965F16D7EB5500C233F1 /* Monsters.c */; settings = {COMPILER_FLAGS = "-fno-objc-arc"; }; };
		C57A967016D7EB5500C233F1 /* Movement.c in Sources */ = {isa = PBXBuildFile; fileRef = C57A966016D7EB5500C233F1 /* Movement.c */; settings = {COMPILER_FLAGS = "-fno-objc-arc"; }; };
		C57A967116D7EB5500C233F1 /* Random.c in Sources */ = {isa = PBXBuildFile; fileRef = C57A966116D7EB5500C233F1 /* Random.c */; settings = {COMPILER_FLAGS = "-fno-objc-arc"; }; };
		C57A967216D7EB5500C233F1 /* Recordings.c in Sources */ = {isa = PBXBuildFile; fileRef = C57A966216D7EB5500C233F1 /* Recordings.c */; settings = {COMPILER_FLAGS = "-fno-objc-arc"; }; };
		C57A967316D7EB5500C233F1 /* RogueMain.mm in Sources */ = {isa = PBXBuildFile; fileRef = C57A966416D7EB5500C233F1 /* RogueMain.mm */; settings = {COMPILER_FLAGS = "-fno-objc-arc"; }; };
		C57A967516DBF1CE00C233F1 /* QuartzCore.framework in Frameworks */ = {isa = PBXBuildFile; fileRef = C57A967416DBF1CE00C233F1 /* QuartzCore.framework */; };
		C58831E016EA6E860047FCA9 /* brogue_seed@2x.png in Resources */ = {isa = PBXBuildFile; fileRef = C58831DF16EA6E860047FCA9 /* brogue_seed@2x.png */; };
		C58831E616EA98040047FCA9 /* brogue_sproutedseed.png in Resources */ = {isa = PBXBuildFile; fileRef = C58831E516EA98040047FCA9 /* brogue_sproutedseed.png */; };
		C58831E816EA987D0047FCA9 /* brogue_sproutedseed@2x.png in Resources */ = {isa = PBXBuildFile; fileRef = C58831E716EA987D0047FCA9 /* brogue_sproutedseed@2x.png */; };
		C58831EE16EA9A970047FCA9 /* icon_144x144.png in Resources */ = {isa = PBXBuildFile; fileRef = C58831ED16EA9A970047FCA9 /* icon_144x144.png */; };
		C58831F816EAA2ED0047FCA9 /* icon_72x72.png in Resources */ = {isa = PBXBuildFile; fileRef = C58831F716EAA2ED0047FCA9 /* icon_72x72.png */; };
		C58831FE16EAB6D10047FCA9 /* Default-Landscape~ipad.png in Resources */ = {isa = PBXBuildFile; fileRef = C58831FD16EAB6D10047FCA9 /* Default-Landscape~ipad.png */; };
		C588320016EAB6DF0047FCA9 /* Default-Landscape@2x~ipad.png in Resources */ = {isa = PBXBuildFile; fileRef = C58831FF16EAB6DF0047FCA9 /* Default-Landscape@2x~ipad.png */; };
		C593046416EBE39200124B2B /* ZGestureRecognizer.m in Sources */ = {isa = PBXBuildFile; fileRef = C593046316EBE39200124B2B /* ZGestureRecognizer.m */; };
		C59B21C716EA48E0007018DE /* MONACO.TTF in Resources */ = {isa = PBXBuildFile; fileRef = C59B21C616EA48E0007018DE /* MONACO.TTF */; };
		C59B21CE16EA57AF007018DE /* gamecenterlogo_brogue.png in Resources */ = {isa = PBXBuildFile; fileRef = C59B21C816EA57AF007018DE /* gamecenterlogo_brogue.png */; };
		C59B21CF16EA57AF007018DE /* brogue_directionals.png in Resources */ = {isa = PBXBuildFile; fileRef = C59B21C916EA57AF007018DE /* brogue_directionals.png */; };
		C59B21D016EA57AF007018DE /* brogue_seed.png in Resources */ = {isa = PBXBuildFile; fileRef = C59B21CA16EA57AF007018DE /* brogue_seed.png */; };
		C59B21D216EA57AF007018DE /* brogue_directionals@2x.png in Resources */ = {isa = PBXBuildFile; fileRef = C59B21CC16EA57AF007018DE /* brogue_directionals@2x.png */; };
		C59B21D316EA57AF007018DE /* gamecenterlogo_brogue@2x.png in Resources */ = {isa = PBXBuildFile; fileRef = C59B21CD16EA57AF007018DE /* gamecenterlogo_brogue@2x.png */; };
		C59B21D516EA5C16007018DE /* brogue_dismissbutton@2x.png in Resources */ = {isa = PBXBuildFile; fileRef = C59B21D416EA5C16007018DE /* brogue_dismissbutton@2x.png */; };
		C59B21D716EA5C38007018DE /* brogue_dismissbutton.png in Resources */ = {isa = PBXBuildFile; fileRef = C59B21D616EA5C38007018DE /* brogue_dismissbutton.png */; };
		C59B21DA16EA5EE9007018DE /* brogue_escapebutton@2x.png in Resources */ = {isa = PBXBuildFile; fileRef = C59B21D816EA5EE9007018DE /* brogue_escapebutton@2x.png */; };
		C59B21DB16EA5EE9007018DE /* brogue_escapebutton.png in Resources */ = {isa = PBXBuildFile; fileRef = C59B21D916EA5EE9007018DE /* brogue_escapebutton.png */; };
		C59B21DE16EA69D8007018DE /* about_brogue@2x.png in Resources */ = {isa = PBXBuildFile; fileRef = C59B21DC16EA69D7007018DE /* about_brogue@2x.png */; };
		C59B21DF16EA69D8007018DE /* about_brogue.png in Resources */ = {isa = PBXBuildFile; fileRef = C59B21DD16EA69D8007018DE /* about_brogue.png */; };
		C5EFC0E916ECE398008BD644 /* ACLoupe.m in Sources */ = {isa = PBXBuildFile; fileRef = C5EFC0E216ECE398008BD644 /* ACLoupe.m */; };
		C5EFC0EA16ECE398008BD644 /* ACMagnifyingGlass.m in Sources */ = {isa = PBXBuildFile; fileRef = C5EFC0E416ECE398008BD644 /* ACMagnifyingGlass.m */; };
		C5EFC0EB16ECE398008BD644 /* ACMagnifyingView.m in Sources */ = {isa = PBXBuildFile; fileRef = C5EFC0E616ECE398008BD644 /* ACMagnifyingView.m */; };
		C5EFC0EC16ECE398008BD644 /* kb-loupe-hi.png in Resources */ = {isa = PBXBuildFile; fileRef = C5EFC0E816ECE398008BD644 /* kb-loupe-hi.png */; };
/* End PBXBuildFile section */

/* Begin PBXFileReference section */
		C5105B0F16E65EDB00E09905 /* AboutViewController.h */ = {isa = PBXFileReference; fileEncoding = 4; lastKnownFileType = sourcecode.c.h; path = AboutViewController.h; sourceTree = "<group>"; };
		C5105B1016E65EDB00E09905 /* AboutViewController.m */ = {isa = PBXFileReference; fileEncoding = 4; lastKnownFileType = sourcecode.c.objc; path = AboutViewController.m; sourceTree = "<group>"; };
		C5105B1116E65EDB00E09905 /* AboutViewController.xib */ = {isa = PBXFileReference; fileEncoding = 4; lastKnownFileType = file.xib; path = AboutViewController.xib; sourceTree = "<group>"; };
		C52B091A16E5848500675CC7 /* GameCenterIOS4.h */ = {isa = PBXFileReference; fileEncoding = 4; lastKnownFileType = sourcecode.c.h; path = GameCenterIOS4.h; sourceTree = "<group>"; };
		C52B091B16E5848500675CC7 /* GameCenterIOS4.m */ = {isa = PBXFileReference; fileEncoding = 4; lastKnownFileType = sourcecode.c.objc; path = GameCenterIOS4.m; sourceTree = "<group>"; };
		C52B091C16E5848500675CC7 /* GameCenterManager.h */ = {isa = PBXFileReference; fileEncoding = 4; lastKnownFileType = sourcecode.c.h; path = GameCenterManager.h; sourceTree = "<group>"; };
		C52B091D16E5848500675CC7 /* GameCenterManager.m */ = {isa = PBXFileReference; fileEncoding = 4; lastKnownFileType = sourcecode.c.objc; path = GameCenterManager.m; sourceTree = "<group>"; };
		C52B091E16E5848500675CC7 /* UIViewController+UIViewController_GCAchievementView.h */ = {isa = PBXFileReference; fileEncoding = 4; lastKnownFileType = sourcecode.c.h; path = "UIViewController+UIViewController_GCAchievementView.h"; sourceTree = "<group>"; };
		C52B091F16E5848500675CC7 /* UIViewController+UIViewController_GCAchievementView.m */ = {isa = PBXFileReference; fileEncoding = 4; lastKnownFileType = sourcecode.c.objc; path = "UIViewController+UIViewController_GCAchievementView.m"; sourceTree = "<group>"; };
		C52B092016E5848500675CC7 /* UIViewController+UIViewController_GCLeaderBoardView.h */ = {isa = PBXFileReference; fileEncoding = 4; lastKnownFileType = sourcecode.c.h; path = "UIViewController+UIViewController_GCLeaderBoardView.h"; sourceTree = "<group>"; };
		C52B092116E5848500675CC7 /* UIViewController+UIViewController_GCLeaderBoardView.m */ = {isa = PBXFileReference; fileEncoding = 4; lastKnownFileType = sourcecode.c.objc; path = "UIViewController+UIViewController_GCLeaderBoardView.m"; sourceTree = "<group>"; };
		C52B092616E5853900675CC7 /* GameKit.framework */ = {isa = PBXFileReference; lastKnownFileType = wrapper.framework; name = GameKit.framework; path = System/Library/Frameworks/GameKit.framework; sourceTree = SDKROOT; };
		C57A962516D7EAD500C233F1 /* Brogue.app */ = {isa = PBXFileReference; explicitFileType = wrapper.application; includeInIndex = 0; path = Brogue.app; sourceTree = BUILT_PRODUCTS_DIR; };
		C57A962816D7EAD500C233F1 /* UIKit.framework */ = {isa = PBXFileReference; lastKnownFileType = wrapper.framework; name = UIKit.framework; path = System/Library/Frameworks/UIKit.framework; sourceTree = SDKROOT; };
		C57A962A16D7EAD500C233F1 /* Foundation.framework */ = {isa = PBXFileReference; lastKnownFileType = wrapper.framework; name = Foundation.framework; path = System/Library/Frameworks/Foundation.framework; sourceTree = SDKROOT; };
		C57A962C16D7EAD500C233F1 /* CoreGraphics.framework */ = {isa = PBXFileReference; lastKnownFileType = wrapper.framework; name = CoreGraphics.framework; path = System/Library/Frameworks/CoreGraphics.framework; sourceTree = SDKROOT; };
		C57A963016D7EAD500C233F1 /* iBrogue_iPad-Info.plist */ = {isa = PBXFileReference; lastKnownFileType = text.plist.xml; path = "iBrogue_iPad-Info.plist"; sourceTree = "<group>"; };
		C57A963216D7EAD500C233F1 /* en */ = {isa = PBXFileReference; lastKnownFileType = text.plist.strings; name = en; path = en.lproj/InfoPlist.strings; sourceTree = "<group>"; };
		C57A963416D7EAD500C233F1 /* main.m */ = {isa = PBXFileReference; lastKnownFileType = sourcecode.c.objc; path = main.m; sourceTree = "<group>"; };
		C57A963616D7EAD500C233F1 /* iBrogue_iPad-Prefix.pch */ = {isa = PBXFileReference; lastKnownFileType = sourcecode.c.h; path = "iBrogue_iPad-Prefix.pch"; sourceTree = "<group>"; };
		C57A963716D7EAD500C233F1 /* AppDelegate.h */ = {isa = PBXFileReference; lastKnownFileType = sourcecode.c.h; path = AppDelegate.h; sourceTree = "<group>"; };
		C57A963816D7EAD500C233F1 /* AppDelegate.m */ = {isa = PBXFileReference; lastKnownFileType = sourcecode.c.objc; path = AppDelegate.m; sourceTree = "<group>"; };
		C57A963A16D7EAD500C233F1 /* Default.png */ = {isa = PBXFileReference; lastKnownFileType = image.png; path = Default.png; sourceTree = "<group>"; };
		C57A963C16D7EAD500C233F1 /* Default@2x.png */ = {isa = PBXFileReference; lastKnownFileType = image.png; path = "Default@2x.png"; sourceTree = "<group>"; };
		C57A963E16D7EAD500C233F1 /* Default-568h@2x.png */ = {isa = PBXFileReference; lastKnownFileType = image.png; path = "Default-568h@2x.png"; sourceTree = "<group>"; };
		C57A964016D7EAD500C233F1 /* ViewController.h */ = {isa = PBXFileReference; lastKnownFileType = sourcecode.c.h; path = ViewController.h; sourceTree = "<group>"; };
		C57A964116D7EAD500C233F1 /* ViewController.m */ = {isa = PBXFileReference; lastKnownFileType = sourcecode.c.objc; path = ViewController.m; sourceTree = "<group>"; };
		C57A964416D7EAD500C233F1 /* en */ = {isa = PBXFileReference; lastKnownFileType = file.xib; name = en; path = en.lproj/ViewController.xib; sourceTree = "<group>"; };
		C57A964C16D7EB4C00C233F1 /* PlatformDefines.h */ = {isa = PBXFileReference; fileEncoding = 4; lastKnownFileType = sourcecode.c.h; path = PlatformDefines.h; sourceTree = "<group>"; };
		C57A964D16D7EB4C00C233F1 /* RogueDriver.h */ = {isa = PBXFileReference; fileEncoding = 4; lastKnownFileType = sourcecode.c.h; path = RogueDriver.h; sourceTree = "<group>"; };
		C57A964E16D7EB4C00C233F1 /* RogueDriver.mm */ = {isa = PBXFileReference; fileEncoding = 4; lastKnownFileType = sourcecode.cpp.objcpp; path = RogueDriver.mm; sourceTree = "<group>"; };
		C57A964F16D7EB4C00C233F1 /* Viewport.h */ = {isa = PBXFileReference; fileEncoding = 4; lastKnownFileType = sourcecode.c.h; path = Viewport.h; sourceTree = "<group>"; };
		C57A965016D7EB4C00C233F1 /* Viewport.m */ = {isa = PBXFileReference; fileEncoding = 4; lastKnownFileType = sourcecode.c.objc; path = Viewport.m; sourceTree = "<group>"; };
		C57A965416D7EB5500C233F1 /* Architect.mm */ = {isa = PBXFileReference; fileEncoding = 4; lastKnownFileType = sourcecode.cpp.objcpp; path = Architect.mm; sourceTree = "<group>"; };
		C57A965516D7EB5500C233F1 /* Buttons.c */ = {isa = PBXFileReference; fileEncoding = 4; lastKnownFileType = sourcecode.c.c; path = Buttons.c; sourceTree = "<group>"; };
		C57A965616D7EB5500C233F1 /* Combat.c */ = {isa = PBXFileReference; fileEncoding = 4; lastKnownFileType = sourcecode.c.c; path = Combat.c; sourceTree = "<group>"; };
		C57A965716D7EB5500C233F1 /* Dijkstra.c */ = {isa = PBXFileReference; fileEncoding = 4; lastKnownFileType = sourcecode.c.c; path = Dijkstra.c; sourceTree = "<group>"; };
		C57A965816D7EB5500C233F1 /* Globals.c */ = {isa = PBXFileReference; fileEncoding = 4; lastKnownFileType = sourcecode.c.c; path = Globals.c; sourceTree = "<group>"; };
		C57A965916D7EB5500C233F1 /* Grid.c */ = {isa = PBXFileReference; fileEncoding = 4; lastKnownFileType = sourcecode.c.c; path = Grid.c; sourceTree = "<group>"; };
		C57A965A16D7EB5500C233F1 /* IncludeGlobals.h */ = {isa = PBXFileReference; fileEncoding = 4; lastKnownFileType = sourcecode.c.h; path = IncludeGlobals.h; sourceTree = "<group>"; };
		C57A965B16D7EB5500C233F1 /* IO.c */ = {isa = PBXFileReference; fileEncoding = 4; lastKnownFileType = sourcecode.c.c; path = IO.c; sourceTree = "<group>"; };
		C57A965C16D7EB5500C233F1 /* Items.c */ = {isa = PBXFileReference; fileEncoding = 4; lastKnownFileType = sourcecode.c.c; path = Items.c; sourceTree = "<group>"; };
		C57A965D16D7EB5500C233F1 /* Light.c */ = {isa = PBXFileReference; fileEncoding = 4; lastKnownFileType = sourcecode.c.c; path = Light.c; sourceTree = "<group>"; };
		C57A965E16D7EB5500C233F1 /* MainMenu.c */ = {isa = PBXFileReference; fileEncoding = 4; lastKnownFileType = sourcecode.c.c; path = MainMenu.c; sourceTree = "<group>"; };
		C57A965F16D7EB5500C233F1 /* Monsters.c */ = {isa = PBXFileReference; fileEncoding = 4; lastKnownFileType = sourcecode.c.c; path = Monsters.c; sourceTree = "<group>"; };
		C57A966016D7EB5500C233F1 /* Movement.c */ = {isa = PBXFileReference; fileEncoding = 4; lastKnownFileType = sourcecode.c.c; path = Movement.c; sourceTree = "<group>"; };
		C57A966116D7EB5500C233F1 /* Random.c */ = {isa = PBXFileReference; fileEncoding = 4; lastKnownFileType = sourcecode.c.c; path = Random.c; sourceTree = "<group>"; };
		C57A966216D7EB5500C233F1 /* Recordings.c */ = {isa = PBXFileReference; fileEncoding = 4; lastKnownFileType = sourcecode.c.c; path = Recordings.c; sourceTree = "<group>"; };
		C57A966316D7EB5500C233F1 /* Rogue.h */ = {isa = PBXFileReference; fileEncoding = 4; lastKnownFileType = sourcecode.c.h; path = Rogue.h; sourceTree = "<group>"; };
		C57A966416D7EB5500C233F1 /* RogueMain.mm */ = {isa = PBXFileReference; fileEncoding = 4; lastKnownFileType = sourcecode.cpp.objcpp; path = RogueMain.mm; sourceTree = "<group>"; };
		C57A967416DBF1CE00C233F1 /* QuartzCore.framework */ = {isa = PBXFileReference; lastKnownFileType = wrapper.framework; name = QuartzCore.framework; path = System/Library/Frameworks/QuartzCore.framework; sourceTree = SDKROOT; };
		C58831DF16EA6E860047FCA9 /* brogue_seed@2x.png */ = {isa = PBXFileReference; lastKnownFileType = image.png; path = "brogue_seed@2x.png"; sourceTree = "<group>"; };
		C58831E516EA98040047FCA9 /* brogue_sproutedseed.png */ = {isa = PBXFileReference; lastKnownFileType = image.png; path = brogue_sproutedseed.png; sourceTree = "<group>"; };
		C58831E716EA987D0047FCA9 /* brogue_sproutedseed@2x.png */ = {isa = PBXFileReference; lastKnownFileType = image.png; path = "brogue_sproutedseed@2x.png"; sourceTree = "<group>"; };
		C58831ED16EA9A970047FCA9 /* icon_144x144.png */ = {isa = PBXFileReference; lastKnownFileType = image.png; path = icon_144x144.png; sourceTree = "<group>"; };
		C58831F716EAA2ED0047FCA9 /* icon_72x72.png */ = {isa = PBXFileReference; lastKnownFileType = image.png; path = icon_72x72.png; sourceTree = "<group>"; };
		C58831FD16EAB6D10047FCA9 /* Default-Landscape~ipad.png */ = {isa = PBXFileReference; lastKnownFileType = image.png; path = "Default-Landscape~ipad.png"; sourceTree = "<group>"; };
		C58831FF16EAB6DF0047FCA9 /* Default-Landscape@2x~ipad.png */ = {isa = PBXFileReference; lastKnownFileType = image.png; path = "Default-Landscape@2x~ipad.png"; sourceTree = "<group>"; };
		C593046216EBE39200124B2B /* ZGestureRecognizer.h */ = {isa = PBXFileReference; fileEncoding = 4; lastKnownFileType = sourcecode.c.h; path = ZGestureRecognizer.h; sourceTree = "<group>"; };
		C593046316EBE39200124B2B /* ZGestureRecognizer.m */ = {isa = PBXFileReference; fileEncoding = 4; lastKnownFileType = sourcecode.c.objc; path = ZGestureRecognizer.m; sourceTree = "<group>"; };
		C59B21C616EA48E0007018DE /* MONACO.TTF */ = {isa = PBXFileReference; lastKnownFileType = file; path = MONACO.TTF; sourceTree = "<group>"; };
		C59B21C816EA57AF007018DE /* gamecenterlogo_brogue.png */ = {isa = PBXFileReference; lastKnownFileType = image.png; path = gamecenterlogo_brogue.png; sourceTree = "<group>"; };
		C59B21C916EA57AF007018DE /* brogue_directionals.png */ = {isa = PBXFileReference; lastKnownFileType = image.png; path = brogue_directionals.png; sourceTree = "<group>"; };
		C59B21CA16EA57AF007018DE /* brogue_seed.png */ = {isa = PBXFileReference; lastKnownFileType = image.png; path = brogue_seed.png; sourceTree = "<group>"; };
		C59B21CC16EA57AF007018DE /* brogue_directionals@2x.png */ = {isa = PBXFileReference; lastKnownFileType = image.png; path = "brogue_directionals@2x.png"; sourceTree = "<group>"; };
		C59B21CD16EA57AF007018DE /* gamecenterlogo_brogue@2x.png */ = {isa = PBXFileReference; lastKnownFileType = image.png; path = "gamecenterlogo_brogue@2x.png"; sourceTree = "<group>"; };
		C59B21D416EA5C16007018DE /* brogue_dismissbutton@2x.png */ = {isa = PBXFileReference; lastKnownFileType = image.png; path = "brogue_dismissbutton@2x.png"; sourceTree = "<group>"; };
		C59B21D616EA5C38007018DE /* brogue_dismissbutton.png */ = {isa = PBXFileReference; lastKnownFileType = image.png; path = brogue_dismissbutton.png; sourceTree = "<group>"; };
		C59B21D816EA5EE9007018DE /* brogue_escapebutton@2x.png */ = {isa = PBXFileReference; lastKnownFileType = image.png; path = "brogue_escapebutton@2x.png"; sourceTree = "<group>"; };
		C59B21D916EA5EE9007018DE /* brogue_escapebutton.png */ = {isa = PBXFileReference; lastKnownFileType = image.png; path = brogue_escapebutton.png; sourceTree = "<group>"; };
		C59B21DC16EA69D7007018DE /* about_brogue@2x.png */ = {isa = PBXFileReference; lastKnownFileType = image.png; path = "about_brogue@2x.png"; sourceTree = "<group>"; };
		C59B21DD16EA69D8007018DE /* about_brogue.png */ = {isa = PBXFileReference; lastKnownFileType = image.png; path = about_brogue.png; sourceTree = "<group>"; };
		C5EFC0E116ECE398008BD644 /* ACLoupe.h */ = {isa = PBXFileReference; fileEncoding = 4; lastKnownFileType = sourcecode.c.h; path = ACLoupe.h; sourceTree = "<group>"; };
		C5EFC0E216ECE398008BD644 /* ACLoupe.m */ = {isa = PBXFileReference; fileEncoding = 4; lastKnownFileType = sourcecode.c.objc; path = ACLoupe.m; sourceTree = "<group>"; };
		C5EFC0E316ECE398008BD644 /* ACMagnifyingGlass.h */ = {isa = PBXFileReference; fileEncoding = 4; lastKnownFileType = sourcecode.c.h; path = ACMagnifyingGlass.h; sourceTree = "<group>"; };
		C5EFC0E416ECE398008BD644 /* ACMagnifyingGlass.m */ = {isa = PBXFileReference; fileEncoding = 4; lastKnownFileType = sourcecode.c.objc; path = ACMagnifyingGlass.m; sourceTree = "<group>"; };
		C5EFC0E516ECE398008BD644 /* ACMagnifyingView.h */ = {isa = PBXFileReference; fileEncoding = 4; lastKnownFileType = sourcecode.c.h; path = ACMagnifyingView.h; sourceTree = "<group>"; };
		C5EFC0E616ECE398008BD644 /* ACMagnifyingView.m */ = {isa = PBXFileReference; fileEncoding = 4; lastKnownFileType = sourcecode.c.objc; path = ACMagnifyingView.m; sourceTree = "<group>"; };
		C5EFC0E816ECE398008BD644 /* kb-loupe-hi.png */ = {isa = PBXFileReference; lastKnownFileType = image.png; path = "kb-loupe-hi.png"; sourceTree = "<group>"; };
/* End PBXFileReference section */

/* Begin PBXFrameworksBuildPhase section */
		C57A962216D7EAD500C233F1 /* Frameworks */ = {
			isa = PBXFrameworksBuildPhase;
			buildActionMask = 2147483647;
			files = (
				C52B092716E5853900675CC7 /* GameKit.framework in Frameworks */,
				C57A967516DBF1CE00C233F1 /* QuartzCore.framework in Frameworks */,
				C57A962916D7EAD500C233F1 /* UIKit.framework in Frameworks */,
				C57A962B16D7EAD500C233F1 /* Foundation.framework in Frameworks */,
				C57A962D16D7EAD500C233F1 /* CoreGraphics.framework in Frameworks */,
			);
			runOnlyForDeploymentPostprocessing = 0;
		};
/* End PBXFrameworksBuildPhase section */

/* Begin PBXGroup section */
		C52B091916E5848500675CC7 /* GameCenter */ = {
			isa = PBXGroup;
			children = (
				C52B091A16E5848500675CC7 /* GameCenterIOS4.h */,
				C52B091B16E5848500675CC7 /* GameCenterIOS4.m */,
				C52B091C16E5848500675CC7 /* GameCenterManager.h */,
				C52B091D16E5848500675CC7 /* GameCenterManager.m */,
				C52B091E16E5848500675CC7 /* UIViewController+UIViewController_GCAchievementView.h */,
				C52B091F16E5848500675CC7 /* UIViewController+UIViewController_GCAchievementView.m */,
				C52B092016E5848500675CC7 /* UIViewController+UIViewController_GCLeaderBoardView.h */,
				C52B092116E5848500675CC7 /* UIViewController+UIViewController_GCLeaderBoardView.m */,
			);
			path = GameCenter;
			sourceTree = "<group>";
		};
		C57A961C16D7EAD500C233F1 = {
			isa = PBXGroup;
			children = (
				C58831FF16EAB6DF0047FCA9 /* Default-Landscape@2x~ipad.png */,
				C58831FD16EAB6D10047FCA9 /* Default-Landscape~ipad.png */,
				C58831F716EAA2ED0047FCA9 /* icon_72x72.png */,
				C58831ED16EA9A970047FCA9 /* icon_144x144.png */,
				C52B092616E5853900675CC7 /* GameKit.framework */,
				C57A967416DBF1CE00C233F1 /* QuartzCore.framework */,
				C57A962E16D7EAD500C233F1 /* iBrogue_iPad */,
				C57A962716D7EAD500C233F1 /* Frameworks */,
				C57A962616D7EAD500C233F1 /* Products */,
			);
			sourceTree = "<group>";
		};
		C57A962616D7EAD500C233F1 /* Products */ = {
			isa = PBXGroup;
			children = (
				C57A962516D7EAD500C233F1 /* Brogue.app */,
			);
			name = Products;
			sourceTree = "<group>";
		};
		C57A962716D7EAD500C233F1 /* Frameworks */ = {
			isa = PBXGroup;
			children = (
				C57A962816D7EAD500C233F1 /* UIKit.framework */,
				C57A962A16D7EAD500C233F1 /* Foundation.framework */,
				C57A962C16D7EAD500C233F1 /* CoreGraphics.framework */,
			);
			name = Frameworks;
			sourceTree = "<group>";
		};
		C57A962E16D7EAD500C233F1 /* iBrogue_iPad */ = {
			isa = PBXGroup;
			children = (
				C5EFC0E016ECE398008BD644 /* MagnifyingGlass */,
				C593046116EBE38600124B2B /* Gestures */,
				C5F0CED416E6D56700F1A853 /* image assets */,
				C52B091916E5848500675CC7 /* GameCenter */,
				C57A965316D7EB5500C233F1 /* BrogueCode */,
				C57A964B16D7EB4C00C233F1 /* PlatformCode */,
				C57A963716D7EAD500C233F1 /* AppDelegate.h */,
				C57A963816D7EAD500C233F1 /* AppDelegate.m */,
				C57A964016D7EAD500C233F1 /* ViewController.h */,
				C57A964116D7EAD500C233F1 /* ViewController.m */,
				C57A964316D7EAD500C233F1 /* ViewController.xib */,
				C57A962F16D7EAD500C233F1 /* Supporting Files */,
				C5105B0F16E65EDB00E09905 /* AboutViewController.h */,
				C5105B1016E65EDB00E09905 /* AboutViewController.m */,
				C5105B1116E65EDB00E09905 /* AboutViewController.xib */,
			);
			path = iBrogue_iPad;
			sourceTree = "<group>";
		};
		C57A962F16D7EAD500C233F1 /* Supporting Files */ = {
			isa = PBXGroup;
			children = (
				C59B21C616EA48E0007018DE /* MONACO.TTF */,
				C57A963016D7EAD500C233F1 /* iBrogue_iPad-Info.plist */,
				C57A963116D7EAD500C233F1 /* InfoPlist.strings */,
				C57A963416D7EAD500C233F1 /* main.m */,
				C57A963616D7EAD500C233F1 /* iBrogue_iPad-Prefix.pch */,
				C57A963A16D7EAD500C233F1 /* Default.png */,
				C57A963C16D7EAD500C233F1 /* Default@2x.png */,
				C57A963E16D7EAD500C233F1 /* Default-568h@2x.png */,
			);
			name = "Supporting Files";
			sourceTree = "<group>";
		};
		C57A964B16D7EB4C00C233F1 /* PlatformCode */ = {
			isa = PBXGroup;
			children = (
				C57A964C16D7EB4C00C233F1 /* PlatformDefines.h */,
				C57A964D16D7EB4C00C233F1 /* RogueDriver.h */,
				C57A964E16D7EB4C00C233F1 /* RogueDriver.mm */,
				C57A964F16D7EB4C00C233F1 /* Viewport.h */,
				C57A965016D7EB4C00C233F1 /* Viewport.m */,
			);
			path = PlatformCode;
			sourceTree = "<group>";
		};
		C57A965316D7EB5500C233F1 /* BrogueCode */ = {
			isa = PBXGroup;
			children = (
				C57A965416D7EB5500C233F1 /* Architect.mm */,
				C57A965516D7EB5500C233F1 /* Buttons.c */,
				C57A965616D7EB5500C233F1 /* Combat.c */,
				C57A965716D7EB5500C233F1 /* Dijkstra.c */,
				C57A965816D7EB5500C233F1 /* Globals.c */,
				C57A965916D7EB5500C233F1 /* Grid.c */,
				C57A965A16D7EB5500C233F1 /* IncludeGlobals.h */,
				C57A965B16D7EB5500C233F1 /* IO.c */,
				C57A965C16D7EB5500C233F1 /* Items.c */,
				C57A965D16D7EB5500C233F1 /* Light.c */,
				C57A965E16D7EB5500C233F1 /* MainMenu.c */,
				C57A965F16D7EB5500C233F1 /* Monsters.c */,
				C57A966016D7EB5500C233F1 /* Movement.c */,
				C57A966116D7EB5500C233F1 /* Random.c */,
				C57A966216D7EB5500C233F1 /* Recordings.c */,
				C57A966316D7EB5500C233F1 /* Rogue.h */,
				C57A966416D7EB5500C233F1 /* RogueMain.mm */,
			);
			path = BrogueCode;
			sourceTree = "<group>";
		};
		C593046116EBE38600124B2B /* Gestures */ = {
			isa = PBXGroup;
			children = (
				C593046216EBE39200124B2B /* ZGestureRecognizer.h */,
				C593046316EBE39200124B2B /* ZGestureRecognizer.m */,
			);
			name = Gestures;
			sourceTree = "<group>";
		};
		C5EFC0E016ECE398008BD644 /* MagnifyingGlass */ = {
			isa = PBXGroup;
			children = (
				C5EFC0E116ECE398008BD644 /* ACLoupe.h */,
				C5EFC0E216ECE398008BD644 /* ACLoupe.m */,
				C5EFC0E316ECE398008BD644 /* ACMagnifyingGlass.h */,
				C5EFC0E416ECE398008BD644 /* ACMagnifyingGlass.m */,
				C5EFC0E516ECE398008BD644 /* ACMagnifyingView.h */,
				C5EFC0E616ECE398008BD644 /* ACMagnifyingView.m */,
				C5EFC0E716ECE398008BD644 /* Resources */,
			);
			path = MagnifyingGlass;
			sourceTree = "<group>";
		};
		C5EFC0E716ECE398008BD644 /* Resources */ = {
			isa = PBXGroup;
			children = (
				C5EFC0E816ECE398008BD644 /* kb-loupe-hi.png */,
			);
			path = Resources;
			sourceTree = "<group>";
		};
		C5F0CED416E6D56700F1A853 /* image assets */ = {
			isa = PBXGroup;
			children = (
				C58831E516EA98040047FCA9 /* brogue_sproutedseed.png */,
				C58831E716EA987D0047FCA9 /* brogue_sproutedseed@2x.png */,
				C59B21CA16EA57AF007018DE /* brogue_seed.png */,
				C58831DF16EA6E860047FCA9 /* brogue_seed@2x.png */,
				C59B21DD16EA69D8007018DE /* about_brogue.png */,
				C59B21DC16EA69D7007018DE /* about_brogue@2x.png */,
				C59B21D916EA5EE9007018DE /* brogue_escapebutton.png */,
				C59B21D816EA5EE9007018DE /* brogue_escapebutton@2x.png */,
				C59B21D616EA5C38007018DE /* brogue_dismissbutton.png */,
				C59B21D416EA5C16007018DE /* brogue_dismissbutton@2x.png */,
				C59B21C916EA57AF007018DE /* brogue_directionals.png */,
				C59B21CC16EA57AF007018DE /* brogue_directionals@2x.png */,
				C59B21C816EA57AF007018DE /* gamecenterlogo_brogue.png */,
				C59B21CD16EA57AF007018DE /* gamecenterlogo_brogue@2x.png */,
			);
			name = "image assets";
			sourceTree = "<group>";
		};
/* End PBXGroup section */

/* Begin PBXNativeTarget section */
		C57A962416D7EAD500C233F1 /* iBrogue_iPad */ = {
			isa = PBXNativeTarget;
			buildConfigurationList = C57A964816D7EAD500C233F1 /* Build configuration list for PBXNativeTarget "iBrogue_iPad" */;
			buildPhases = (
				C57A962116D7EAD500C233F1 /* Sources */,
				C57A962216D7EAD500C233F1 /* Frameworks */,
				C57A962316D7EAD500C233F1 /* Resources */,
			);
			buildRules = (
			);
			dependencies = (
			);
			name = iBrogue_iPad;
			productName = iBrogue_iPad;
			productReference = C57A962516D7EAD500C233F1 /* Brogue.app */;
			productType = "com.apple.product-type.application";
		};
/* End PBXNativeTarget section */

/* Begin PBXProject section */
		C57A961D16D7EAD500C233F1 /* Project object */ = {
			isa = PBXProject;
			attributes = {
				LastUpgradeCheck = 0460;
				ORGANIZATIONNAME = "Seth howard";
			};
			buildConfigurationList = C57A962016D7EAD500C233F1 /* Build configuration list for PBXProject "iBrogue_iPad" */;
			compatibilityVersion = "Xcode 3.2";
			developmentRegion = English;
			hasScannedForEncodings = 0;
			knownRegions = (
				en,
			);
			mainGroup = C57A961C16D7EAD500C233F1;
			productRefGroup = C57A962616D7EAD500C233F1 /* Products */;
			projectDirPath = "";
			projectRoot = "";
			targets = (
				C57A962416D7EAD500C233F1 /* iBrogue_iPad */,
			);
		};
/* End PBXProject section */

/* Begin PBXResourcesBuildPhase section */
		C57A962316D7EAD500C233F1 /* Resources */ = {
			isa = PBXResourcesBuildPhase;
			buildActionMask = 2147483647;
			files = (
				C57A963316D7EAD500C233F1 /* InfoPlist.strings in Resources */,
				C57A963B16D7EAD500C233F1 /* Default.png in Resources */,
				C57A963D16D7EAD500C233F1 /* Default@2x.png in Resources */,
				C57A963F16D7EAD500C233F1 /* Default-568h@2x.png in Resources */,
				C57A964516D7EAD500C233F1 /* ViewController.xib in Resources */,
				C5105B1316E65EDB00E09905 /* AboutViewController.xib in Resources */,
				C59B21C716EA48E0007018DE /* MONACO.TTF in Resources */,
				C59B21CE16EA57AF007018DE /* gamecenterlogo_brogue.png in Resources */,
				C59B21CF16EA57AF007018DE /* brogue_directionals.png in Resources */,
				C59B21D016EA57AF007018DE /* brogue_seed.png in Resources */,
				C59B21D216EA57AF007018DE /* brogue_directionals@2x.png in Resources */,
				C59B21D316EA57AF007018DE /* gamecenterlogo_brogue@2x.png in Resources */,
				C59B21D516EA5C16007018DE /* brogue_dismissbutton@2x.png in Resources */,
				C59B21D716EA5C38007018DE /* brogue_dismissbutton.png in Resources */,
				C59B21DA16EA5EE9007018DE /* brogue_escapebutton@2x.png in Resources */,
				C59B21DB16EA5EE9007018DE /* brogue_escapebutton.png in Resources */,
				C59B21DE16EA69D8007018DE /* about_brogue@2x.png in Resources */,
				C59B21DF16EA69D8007018DE /* about_brogue.png in Resources */,
				C58831E016EA6E860047FCA9 /* brogue_seed@2x.png in Resources */,
				C58831E616EA98040047FCA9 /* brogue_sproutedseed.png in Resources */,
				C58831E816EA987D0047FCA9 /* brogue_sproutedseed@2x.png in Resources */,
				C58831EE16EA9A970047FCA9 /* icon_144x144.png in Resources */,
				C58831F816EAA2ED0047FCA9 /* icon_72x72.png in Resources */,
				C58831FE16EAB6D10047FCA9 /* Default-Landscape~ipad.png in Resources */,
				C588320016EAB6DF0047FCA9 /* Default-Landscape@2x~ipad.png in Resources */,
				C5EFC0EC16ECE398008BD644 /* kb-loupe-hi.png in Resources */,
			);
			runOnlyForDeploymentPostprocessing = 0;
		};
/* End PBXResourcesBuildPhase section */

/* Begin PBXSourcesBuildPhase section */
		C57A962116D7EAD500C233F1 /* Sources */ = {
			isa = PBXSourcesBuildPhase;
			buildActionMask = 2147483647;
			files = (
				C57A963516D7EAD500C233F1 /* main.m in Sources */,
				C57A963916D7EAD500C233F1 /* AppDelegate.m in Sources */,
				C57A964216D7EAD500C233F1 /* ViewController.m in Sources */,
				C57A965116D7EB4C00C233F1 /* RogueDriver.mm in Sources */,
				C57A965216D7EB4C00C233F1 /* Viewport.m in Sources */,
				C57A966516D7EB5500C233F1 /* Architect.mm in Sources */,
				C57A966616D7EB5500C233F1 /* Buttons.c in Sources */,
				C57A966716D7EB5500C233F1 /* Combat.c in Sources */,
				C57A966816D7EB5500C233F1 /* Dijkstra.c in Sources */,
				C57A966916D7EB5500C233F1 /* Globals.c in Sources */,
				C57A966A16D7EB5500C233F1 /* Grid.c in Sources */,
				C57A966B16D7EB5500C233F1 /* IO.c in Sources */,
				C57A966C16D7EB5500C233F1 /* Items.c in Sources */,
				C57A966D16D7EB5500C233F1 /* Light.c in Sources */,
				C57A966E16D7EB5500C233F1 /* MainMenu.c in Sources */,
				C57A966F16D7EB5500C233F1 /* Monsters.c in Sources */,
				C57A967016D7EB5500C233F1 /* Movement.c in Sources */,
				C57A967116D7EB5500C233F1 /* Random.c in Sources */,
				C57A967216D7EB5500C233F1 /* Recordings.c in Sources */,
				C57A967316D7EB5500C233F1 /* RogueMain.mm in Sources */,
				C52B092216E5848500675CC7 /* GameCenterIOS4.m in Sources */,
				C52B092316E5848500675CC7 /* GameCenterManager.m in Sources */,
				C52B092416E5848500675CC7 /* UIViewController+UIViewController_GCAchievementView.m in Sources */,
				C52B092516E5848500675CC7 /* UIViewController+UIViewController_GCLeaderBoardView.m in Sources */,
				C5105B1216E65EDB00E09905 /* AboutViewController.m in Sources */,
				C593046416EBE39200124B2B /* ZGestureRecognizer.m in Sources */,
				C5EFC0E916ECE398008BD644 /* ACLoupe.m in Sources */,
				C5EFC0EA16ECE398008BD644 /* ACMagnifyingGlass.m in Sources */,
				C5EFC0EB16ECE398008BD644 /* ACMagnifyingView.m in Sources */,
			);
			runOnlyForDeploymentPostprocessing = 0;
		};
/* End PBXSourcesBuildPhase section */

/* Begin PBXVariantGroup section */
		C57A963116D7EAD500C233F1 /* InfoPlist.strings */ = {
			isa = PBXVariantGroup;
			children = (
				C57A963216D7EAD500C233F1 /* en */,
			);
			name = InfoPlist.strings;
			sourceTree = "<group>";
		};
		C57A964316D7EAD500C233F1 /* ViewController.xib */ = {
			isa = PBXVariantGroup;
			children = (
				C57A964416D7EAD500C233F1 /* en */,
			);
			name = ViewController.xib;
			sourceTree = "<group>";
		};
/* End PBXVariantGroup section */

/* Begin XCBuildConfiguration section */
		C57A964616D7EAD500C233F1 /* Debug */ = {
			isa = XCBuildConfiguration;
			buildSettings = {
				ALWAYS_SEARCH_USER_PATHS = NO;
				CLANG_CXX_LANGUAGE_STANDARD = "gnu++0x";
				CLANG_CXX_LIBRARY = "libc++";
				CLANG_ENABLE_OBJC_ARC = YES;
				CLANG_WARN_CONSTANT_CONVERSION = YES;
				CLANG_WARN_EMPTY_BODY = YES;
				CLANG_WARN_ENUM_CONVERSION = YES;
				CLANG_WARN_INT_CONVERSION = YES;
				CLANG_WARN__DUPLICATE_METHOD_MATCH = YES;
				"CODE_SIGN_IDENTITY[sdk=iphoneos*]" = "iPhone Developer";
				COPY_PHASE_STRIP = NO;
				GCC_C_LANGUAGE_STANDARD = gnu99;
				GCC_DYNAMIC_NO_PIC = NO;
				GCC_OPTIMIZATION_LEVEL = 0;
				GCC_PREPROCESSOR_DEFINITIONS = (
					"DEBUG=1",
					"$(inherited)",
				);
				GCC_SYMBOLS_PRIVATE_EXTERN = NO;
				GCC_WARN_ABOUT_RETURN_TYPE = YES;
				GCC_WARN_UNINITIALIZED_AUTOS = YES;
				GCC_WARN_UNUSED_VARIABLE = YES;
				IPHONEOS_DEPLOYMENT_TARGET = 6.1;
				ONLY_ACTIVE_ARCH = YES;
				SDKROOT = iphoneos;
				TARGETED_DEVICE_FAMILY = 2;
			};
			name = Debug;
		};
		C57A964716D7EAD500C233F1 /* Release */ = {
			isa = XCBuildConfiguration;
			buildSettings = {
				ALWAYS_SEARCH_USER_PATHS = NO;
				CLANG_CXX_LANGUAGE_STANDARD = "gnu++0x";
				CLANG_CXX_LIBRARY = "libc++";
				CLANG_ENABLE_OBJC_ARC = YES;
				CLANG_WARN_CONSTANT_CONVERSION = YES;
				CLANG_WARN_EMPTY_BODY = YES;
				CLANG_WARN_ENUM_CONVERSION = YES;
				CLANG_WARN_INT_CONVERSION = YES;
				CLANG_WARN__DUPLICATE_METHOD_MATCH = YES;
				"CODE_SIGN_IDENTITY[sdk=iphoneos*]" = "iPhone Developer";
				COPY_PHASE_STRIP = YES;
				GCC_C_LANGUAGE_STANDARD = gnu99;
				GCC_WARN_ABOUT_RETURN_TYPE = YES;
				GCC_WARN_UNINITIALIZED_AUTOS = YES;
				GCC_WARN_UNUSED_VARIABLE = YES;
				IPHONEOS_DEPLOYMENT_TARGET = 6.1;
				OTHER_CFLAGS = "-DNS_BLOCK_ASSERTIONS=1";
				SDKROOT = iphoneos;
				TARGETED_DEVICE_FAMILY = 2;
				VALIDATE_PRODUCT = YES;
			};
			name = Release;
		};
		C57A964916D7EAD500C233F1 /* Debug */ = {
			isa = XCBuildConfiguration;
			buildSettings = {
				CLANG_ENABLE_OBJC_ARC = YES;
				CODE_SIGN_IDENTITY = "iPhone Developer: Seth Howard (XAXWUJ2H47)";
				"CODE_SIGN_IDENTITY[sdk=iphoneos*]" = "iPhone Developer";
				GCC_PRECOMPILE_PREFIX_HEADER = YES;
				GCC_PREFIX_HEADER = "iBrogue_iPad/iBrogue_iPad-Prefix.pch";
				INFOPLIST_FILE = "iBrogue_iPad/iBrogue_iPad-Info.plist";
				IPHONEOS_DEPLOYMENT_TARGET = 6.0;
				PRODUCT_NAME = Brogue;
				PROVISIONING_PROFILE = "";
				"PROVISIONING_PROFILE[sdk=iphoneos*]" = "";
				WRAPPER_EXTENSION = app;
			};
			name = Debug;
		};
		C57A964A16D7EAD500C233F1 /* Release */ = {
			isa = XCBuildConfiguration;
			buildSettings = {
				CLANG_ENABLE_OBJC_ARC = YES;
				CODE_SIGN_IDENTITY = "iPhone Developer: Seth Howard (XAXWUJ2H47)";
				GCC_PRECOMPILE_PREFIX_HEADER = YES;
				GCC_PREFIX_HEADER = "iBrogue_iPad/iBrogue_iPad-Prefix.pch";
				INFOPLIST_FILE = "iBrogue_iPad/iBrogue_iPad-Info.plist";
				IPHONEOS_DEPLOYMENT_TARGET = 6.0;
				PRODUCT_NAME = Brogue;
				PROVISIONING_PROFILE = "";
				WRAPPER_EXTENSION = app;
			};
			name = Release;
		};
/* End XCBuildConfiguration section */

/* Begin XCConfigurationList section */
		C57A962016D7EAD500C233F1 /* Build configuration list for PBXProject "iBrogue_iPad" */ = {
			isa = XCConfigurationList;
			buildConfigurations = (
				C57A964616D7EAD500C233F1 /* Debug */,
				C57A964716D7EAD500C233F1 /* Release */,
			);
			defaultConfigurationIsVisible = 0;
			defaultConfigurationName = Release;
		};
		C57A964816D7EAD500C233F1 /* Build configuration list for PBXNativeTarget "iBrogue_iPad" */ = {
			isa = XCConfigurationList;
			buildConfigurations = (
				C57A964916D7EAD500C233F1 /* Debug */,
				C57A964A16D7EAD500C233F1 /* Release */,
			);
			defaultConfigurationIsVisible = 0;
			defaultConfigurationName = Release;
		};
/* End XCConfigurationList section */
	};
	rootObject = C57A961D16D7EAD500C233F1 /* Project object */;
}
